
Microsoft Visual Studio Solution File, Format Version 12.00
# Visual Studio Version 17
VisualStudioVersion = 17.5.002.0
MinimumVisualStudioVersion = 10.0.40219.1
Project("{9A19103F-16F7-4668-BE54-9A1E7A4F7556}") = "BootstrapProject", "BootstrapProject.csproj", "{B7F42E49-0379-4A3F-B1AB-043274106758}"
EndProject
Global
	GlobalSection(SolutionConfigurationPlatforms) = preSolution
		Debug|Any CPU = Debug|Any CPU
		Release|Any CPU = Release|Any CPU
	EndGlobalSection
	GlobalSection(ProjectConfigurationPlatforms) = postSolution
		{B7F42E49-0379-4A3F-B1AB-043274106758}.Debug|Any CPU.ActiveCfg = Debug|Any CPU
		{B7F42E49-0379-4A3F-B1AB-043274106758}.Debug|Any CPU.Build.0 = Debug|Any CPU
		{B7F42E49-0379-4A3F-B1AB-043274106758}.Release|Any CPU.ActiveCfg = Release|Any CPU
		{B7F42E49-0379-4A3F-B1AB-043274106758}.Release|Any CPU.Build.0 = Release|Any CPU
	EndGlobalSection
	GlobalSection(SolutionProperties) = preSolution
		HideSolutionNode = FALSE
	EndGlobalSection
	GlobalSection(ExtensibilityGlobals) = postSolution
		SolutionGuid = {BAA3D070-4442-4222-B907-05ED3CE82F49}
	EndGlobalSection
EndGlobal
